<?xml version="1.0" encoding="utf-8"?>
<Project ToolsVersion="4.0" xmlns="http://schemas.microsoft.com/developer/msbuild/2003">
  <ItemGroup>
    <Filter Include="源文件">
      <UniqueIdentifier>{4FC737F1-C7A5-4376-A066-2A32D752A2FF}</UniqueIdentifier>
      <Extensions>cpp;c;cc;cxx;c++;cppm;ixx;def;odl;idl;hpj;bat;asm;asmx</Extensions>
    </Filter>
    <Filter Include="头文件">
      <UniqueIdentifier>{93995380-89BD-4b04-88EB-625FBE52EBFB}</UniqueIdentifier>
      <Extensions>h;hh;hpp;hxx;h++;hm;inl;inc;ipp;xsd</Extensions>
    </Filter>
    <Filter Include="资源文件">
      <UniqueIdentifier>{67DA6AB6-F800-4c08-8B7A-83BB121AAD01}</UniqueIdentifier>
      <Extensions>rc;ico;cur;bmp;dlg;rc2;rct;bin;rgs;gif;jpg;jpeg;jpe;resx;tiff;tif;png;wav;mfcribbon-ms</Extensions>
    </Filter>
    <Filter Include="源文件\FindTestAndPrac">
      <UniqueIdentifier>{d5c67315-89a6-4b96-af7b-efa03cefb5fe}</UniqueIdentifier>
    </Filter>
    <Filter Include="源文件\TREE">
      <UniqueIdentifier>{455181c5-805e-411b-b305-2443d7e9334d}</UniqueIdentifier>
    </Filter>
    <Filter Include="源文件\Sort">
      <UniqueIdentifier>{24e4d39d-0079-437c-bd33-45703a94aba2}</UniqueIdentifier>
    </Filter>
  </ItemGroup>
  <ItemGroup>
    <ClCompile Include="TestForSty.c">
      <Filter>源文件</Filter>
    </ClCompile>
    <ClCompile Include="bubbleSort.c">
      <Filter>源文件</Filter>
    </ClCompile>
    <ClCompile Include="youthfu.c">
      <Filter>源文件</Filter>
    </ClCompile>
    <ClCompile Include="seqlistTest.c">
      <Filter>源文件</Filter>
    </ClCompile>
    <ClCompile Include="MyStrcpy.c">
      <Filter>源文件</Filter>
    </ClCompile>
    <ClCompile Include="SeqlistTwo.c">
      <Filter>源文件</Filter>
    </ClCompile>
    <ClCompile Include="newnew.c">
      <Filter>源文件</Filter>
    </ClCompile>
    <ClCompile Include="FindTestAndPrac.c">
      <Filter>源文件\FindTestAndPrac</Filter>
    </ClCompile>
    <ClCompile Include="HashLocalDrict.c">
      <Filter>源文件\FindTestAndPrac</Filter>
    </ClCompile>
    <ClCompile Include="HashPlus.c">
      <Filter>源文件\FindTestAndPrac</Filter>
    </ClCompile>
    <ClCompile Include="TreeOrder.c">
      <Filter>源文件\TREE</Filter>
    </ClCompile>
    <ClCompile Include="sort.c">
      <Filter>源文件\Sort</Filter>
    </ClCompile>
  </ItemGroup>
</Project>